
Microsoft Visual Studio Solution File, Format Version 12.00
# Visual Studio Version 17
VisualStudioVersion = 17.0.32014.148
MinimumVisualStudioVersion = 10.0.40219.1
Project("{9A19103F-16F7-4668-BE54-9A1E7A4F7556}") = "Trsfile", "Trsfile\Trsfile.csproj", "{83A8EE1D-C308-4158-958C-37131EB77644}"
EndProject
Project("{9A19103F-16F7-4668-BE54-9A1E7A4F7556}") = "TrsfileTest", "TrsfileTest\TrsfileTest.csproj", "{E8632B62-3B37-4D8C-89C8-5D63D48B346F}"
	ProjectSection(ProjectDependencies) = postProject
		{83A8EE1D-C308-4158-958C-37131EB77644} = {83A8EE1D-C308-4158-958C-37131EB77644}
	EndProjectSection
EndProject
Global
	GlobalSection(SolutionConfigurationPlatforms) = preSolution
		Debug|Any CPU = Debug|Any CPU
		Debug|x64 = Debug|x64
		Release|Any CPU = Release|Any CPU
		Release|x64 = Release|x64
	EndGlobalSection
	GlobalSection(ProjectConfigurationPlatforms) = postSolution
		{83A8EE1D-C308-4158-958C-37131EB77644}.Debug|Any CPU.ActiveCfg = Debug|Any CPU
		{83A8EE1D-C308-4158-958C-37131EB77644}.Debug|Any CPU.Build.0 = Debug|Any CPU
		{83A8EE1D-C308-4158-958C-37131EB77644}.Debug|x64.ActiveCfg = Debug|x64
		{83A8EE1D-C308-4158-958C-37131EB77644}.Debug|x64.Build.0 = Debug|x64
		{83A8EE1D-C308-4158-958C-37131EB77644}.Release|Any CPU.ActiveCfg = Release|Any CPU
		{83A8EE1D-C308-4158-958C-37131EB77644}.Release|Any CPU.Build.0 = Release|Any CPU
		{83A8EE1D-C308-4158-958C-37131EB77644}.Release|x64.ActiveCfg = Release|x64
		{83A8EE1D-C308-4158-958C-37131EB77644}.Release|x64.Build.0 = Release|x64
		{E8632B62-3B37-4D8C-89C8-5D63D48B346F}.Debug|Any CPU.ActiveCfg = Debug|Any CPU
		{E8632B62-3B37-4D8C-89C8-5D63D48B346F}.Debug|Any CPU.Build.0 = Debug|Any CPU
		{E8632B62-3B37-4D8C-89C8-5D63D48B346F}.Debug|x64.ActiveCfg = Debug|x64
		{E8632B62-3B37-4D8C-89C8-5D63D48B346F}.Debug|x64.Build.0 = Debug|x64
		{E8632B62-3B37-4D8C-89C8-5D63D48B346F}.Release|Any CPU.ActiveCfg = Release|Any CPU
		{E8632B62-3B37-4D8C-89C8-5D63D48B346F}.Release|Any CPU.Build.0 = Release|Any CPU
		{E8632B62-3B37-4D8C-89C8-5D63D48B346F}.Release|x64.ActiveCfg = Release|x64
		{E8632B62-3B37-4D8C-89C8-5D63D48B346F}.Release|x64.Build.0 = Release|x64
	EndGlobalSection
	GlobalSection(SolutionProperties) = preSolution
		HideSolutionNode = FALSE
	EndGlobalSection
	GlobalSection(ExtensibilityGlobals) = postSolution
		SolutionGuid = {35BA9E25-A84B-4299-9849-8AA988F27D20}
	EndGlobalSection
EndGlobal
