
Microsoft Visual Studio Solution File, Format Version 12.00
# Visual Studio Version 17
VisualStudioVersion = 17.0.32014.148
MinimumVisualStudioVersion = 10.0.40219.1
Project("{9A19103F-16F7-4668-BE54-9A1E7A4F7556}") = "Trsfile", "Trsfile\Trsfile.csproj", "{83A8EE1D-C308-4158-958C-37131EB77644}"
EndProject
Project("{FAE04EC0-301F-11D3-BF4B-00C04F79EFBC}") = "TrsfileTestsTRSTag", "TrsfileTestsTRSTag\TrsfileTestsTRSTag.csproj", "{6D11691F-5828-412B-AC9C-9066269DC0EF}"
EndProject
Global
	GlobalSection(SolutionConfigurationPlatforms) = preSolution
		Debug|Any CPU = Debug|Any CPU
		Release|Any CPU = Release|Any CPU
	EndGlobalSection
	GlobalSection(ProjectConfigurationPlatforms) = postSolution
		{83A8EE1D-C308-4158-958C-37131EB77644}.Debug|Any CPU.ActiveCfg = Debug|Any CPU
		{83A8EE1D-C308-4158-958C-37131EB77644}.Debug|Any CPU.Build.0 = Debug|Any CPU
		{83A8EE1D-C308-4158-958C-37131EB77644}.Release|Any CPU.ActiveCfg = Release|Any CPU
		{83A8EE1D-C308-4158-958C-37131EB77644}.Release|Any CPU.Build.0 = Release|Any CPU
		{6D11691F-5828-412B-AC9C-9066269DC0EF}.Debug|Any CPU.ActiveCfg = Debug|Any CPU
		{6D11691F-5828-412B-AC9C-9066269DC0EF}.Debug|Any CPU.Build.0 = Debug|Any CPU
		{6D11691F-5828-412B-AC9C-9066269DC0EF}.Release|Any CPU.ActiveCfg = Release|Any CPU
		{6D11691F-5828-412B-AC9C-9066269DC0EF}.Release|Any CPU.Build.0 = Release|Any CPU
	EndGlobalSection
	GlobalSection(SolutionProperties) = preSolution
		HideSolutionNode = FALSE
	EndGlobalSection
	GlobalSection(ExtensibilityGlobals) = postSolution
		SolutionGuid = {35BA9E25-A84B-4299-9849-8AA988F27D20}
	EndGlobalSection
EndGlobal
